
Microsoft Visual Studio Solution File, Format Version 12.00
# Visual Studio Version 17
VisualStudioVersion = 17.8.34511.84
MinimumVisualStudioVersion = 10.0.40219.1
Project("{9A19103F-16F7-4668-BE54-9A1E7A4F7556}") = "Lightweight SignalR Client for backend connectivity testing", "Lightweight SignalR Client for backend connectivity testing.csproj", "{37A4D7A6-199F-49CA-93FC-BCC88A8AF9B6}"
EndProject
Project("{FAE04EC0-301F-11D3-BF4B-00C04F79EFBC}") = "SignalRClient.Tests", "..\SignalRClient.Tests\SignalRClient.Tests.csproj", "{05A23A6F-E736-42CE-A08C-A3EFFA4B2EB5}"
EndProject
Global
	GlobalSection(SolutionConfigurationPlatforms) = preSolution
		Debug|Any CPU = Debug|Any CPU
		Release|Any CPU = Release|Any CPU
	EndGlobalSection
	GlobalSection(ProjectConfigurationPlatforms) = postSolution
		{37A4D7A6-199F-49CA-93FC-BCC88A8AF9B6}.Debug|Any CPU.ActiveCfg = Debug|Any CPU
		{37A4D7A6-199F-49CA-93FC-BCC88A8AF9B6}.Debug|Any CPU.Build.0 = Debug|Any CPU
		{37A4D7A6-199F-49CA-93FC-BCC88A8AF9B6}.Release|Any CPU.ActiveCfg = Release|Any CPU
		{37A4D7A6-199F-49CA-93FC-BCC88A8AF9B6}.Release|Any CPU.Build.0 = Release|Any CPU
		{05A23A6F-E736-42CE-A08C-A3EFFA4B2EB5}.Debug|Any CPU.ActiveCfg = Debug|Any CPU
		{05A23A6F-E736-42CE-A08C-A3EFFA4B2EB5}.Debug|Any CPU.Build.0 = Debug|Any CPU
		{05A23A6F-E736-42CE-A08C-A3EFFA4B2EB5}.Release|Any CPU.ActiveCfg = Release|Any CPU
		{05A23A6F-E736-42CE-A08C-A3EFFA4B2EB5}.Release|Any CPU.Build.0 = Release|Any CPU
	EndGlobalSection
	GlobalSection(SolutionProperties) = preSolution
		HideSolutionNode = FALSE
	EndGlobalSection
	GlobalSection(ExtensibilityGlobals) = postSolution
		SolutionGuid = {6D3FE6CA-8446-45FA-A974-5527F3173E4A}
	EndGlobalSection
EndGlobal
